
Microsoft Visual Studio Solution File, Format Version 12.00
# Visual Studio 2013
VisualStudioVersion = 12.0.31101.0
MinimumVisualStudioVersion = 10.0.40219.1
Project("{FAE04EC0-301F-11D3-BF4B-00C04F79EFBC}") = "WinProcessWatcher", "WinProcessWatcher\WinProcessWatcher.csproj", "{6D3CD09F-5855-42CB-B1DD-9AD5EFD414D8}"
EndProject
Project("{FAE04EC0-301F-11D3-BF4B-00C04F79EFBC}") = "LinqSpecifications", "LinqSpecifications\LinqSpecifications.csproj", "{720818DE-7FC2-4132-A3BF-8ED939999EB6}"
EndProject
Project("{FAE04EC0-301F-11D3-BF4B-00C04F79EFBC}") = "Notifications", "Notifications\Notifications.csproj", "{0F00B525-EB3D-48CE-9383-148B6803C212}"
EndProject
Project("{FAE04EC0-301F-11D3-BF4B-00C04F79EFBC}") = "Notifications.Mail", "Notifications.Mail\Notifications.Mail.csproj", "{5CCD2662-39C0-4ECF-85C3-41C646A0B71D}"
EndProject
Project("{FAE04EC0-301F-11D3-BF4B-00C04F79EFBC}") = "SlavApp.Minion", "SlavApp.Minion\SlavApp.Minion.csproj", "{371F1028-DD21-45E7-9948-14B23B2C2816}"
EndProject
Project("{FAE04EC0-301F-11D3-BF4B-00C04F79EFBC}") = "ImageFinder", "ImageFinder\ImageFinder.csproj", "{FDAAFEC9-D7D2-4BAC-A119-CF50C66737CF}"
EndProject
Project("{FAE04EC0-301F-11D3-BF4B-00C04F79EFBC}") = "TestConsole", "TestConsole\TestConsole.csproj", "{2583C168-48FA-44D4-81F4-27EF4EA1086F}"
EndProject
Project("{FAE04EC0-301F-11D3-BF4B-00C04F79EFBC}") = "SlavApp.Minion.ImageFinder", "SlavApp.Minion.ImageFinder\SlavApp.Minion.ImageFinder.csproj", "{D66B573E-D6C8-4E53-BE5F-014AFC647974}"
EndProject
Project("{FAE04EC0-301F-11D3-BF4B-00C04F79EFBC}") = "SlavApp.Minion.Plugin", "SlavApp.Minion.Plugin\SlavApp.Minion.Plugin.csproj", "{A54DB1CC-BFCA-4F85-8BB1-ECD980CE699C}"
EndProject
Project("{FAE04EC0-301F-11D3-BF4B-00C04F79EFBC}") = "SlavApp.Minion.ImageCompressor", "SlavApp.Minion.ImageCompressor\SlavApp.Minion.ImageCompressor.csproj", "{74745AB4-76A6-4AD7-9235-B7D3C02C4C56}"
EndProject
Global
	GlobalSection(SolutionConfigurationPlatforms) = preSolution
		Debug|Any CPU = Debug|Any CPU
		Release|Any CPU = Release|Any CPU
	EndGlobalSection
	GlobalSection(ProjectConfigurationPlatforms) = postSolution
		{6D3CD09F-5855-42CB-B1DD-9AD5EFD414D8}.Debug|Any CPU.ActiveCfg = Debug|Any CPU
		{6D3CD09F-5855-42CB-B1DD-9AD5EFD414D8}.Debug|Any CPU.Build.0 = Debug|Any CPU
		{6D3CD09F-5855-42CB-B1DD-9AD5EFD414D8}.Release|Any CPU.ActiveCfg = Release|Any CPU
		{6D3CD09F-5855-42CB-B1DD-9AD5EFD414D8}.Release|Any CPU.Build.0 = Release|Any CPU
		{720818DE-7FC2-4132-A3BF-8ED939999EB6}.Debug|Any CPU.ActiveCfg = Debug|Any CPU
		{720818DE-7FC2-4132-A3BF-8ED939999EB6}.Debug|Any CPU.Build.0 = Debug|Any CPU
		{720818DE-7FC2-4132-A3BF-8ED939999EB6}.Release|Any CPU.ActiveCfg = Release|Any CPU
		{720818DE-7FC2-4132-A3BF-8ED939999EB6}.Release|Any CPU.Build.0 = Release|Any CPU
		{0F00B525-EB3D-48CE-9383-148B6803C212}.Debug|Any CPU.ActiveCfg = Debug|Any CPU
		{0F00B525-EB3D-48CE-9383-148B6803C212}.Debug|Any CPU.Build.0 = Debug|Any CPU
		{0F00B525-EB3D-48CE-9383-148B6803C212}.Release|Any CPU.ActiveCfg = Release|Any CPU
		{0F00B525-EB3D-48CE-9383-148B6803C212}.Release|Any CPU.Build.0 = Release|Any CPU
		{5CCD2662-39C0-4ECF-85C3-41C646A0B71D}.Debug|Any CPU.ActiveCfg = Debug|Any CPU
		{5CCD2662-39C0-4ECF-85C3-41C646A0B71D}.Debug|Any CPU.Build.0 = Debug|Any CPU
		{5CCD2662-39C0-4ECF-85C3-41C646A0B71D}.Release|Any CPU.ActiveCfg = Release|Any CPU
		{5CCD2662-39C0-4ECF-85C3-41C646A0B71D}.Release|Any CPU.Build.0 = Release|Any CPU
		{371F1028-DD21-45E7-9948-14B23B2C2816}.Debug|Any CPU.ActiveCfg = Debug|Any CPU
		{371F1028-DD21-45E7-9948-14B23B2C2816}.Debug|Any CPU.Build.0 = Debug|Any CPU
		{371F1028-DD21-45E7-9948-14B23B2C2816}.Release|Any CPU.ActiveCfg = Release|Any CPU
		{371F1028-DD21-45E7-9948-14B23B2C2816}.Release|Any CPU.Build.0 = Release|Any CPU
		{FDAAFEC9-D7D2-4BAC-A119-CF50C66737CF}.Debug|Any CPU.ActiveCfg = Debug|Any CPU
		{FDAAFEC9-D7D2-4BAC-A119-CF50C66737CF}.Debug|Any CPU.Build.0 = Debug|Any CPU
		{FDAAFEC9-D7D2-4BAC-A119-CF50C66737CF}.Release|Any CPU.ActiveCfg = Release|Any CPU
		{FDAAFEC9-D7D2-4BAC-A119-CF50C66737CF}.Release|Any CPU.Build.0 = Release|Any CPU
		{2583C168-48FA-44D4-81F4-27EF4EA1086F}.Debug|Any CPU.ActiveCfg = Debug|Any CPU
		{2583C168-48FA-44D4-81F4-27EF4EA1086F}.Debug|Any CPU.Build.0 = Debug|Any CPU
		{2583C168-48FA-44D4-81F4-27EF4EA1086F}.Release|Any CPU.ActiveCfg = Release|Any CPU
		{2583C168-48FA-44D4-81F4-27EF4EA1086F}.Release|Any CPU.Build.0 = Release|Any CPU
		{D66B573E-D6C8-4E53-BE5F-014AFC647974}.Debug|Any CPU.ActiveCfg = Debug|Any CPU
		{D66B573E-D6C8-4E53-BE5F-014AFC647974}.Debug|Any CPU.Build.0 = Debug|Any CPU
		{D66B573E-D6C8-4E53-BE5F-014AFC647974}.Release|Any CPU.ActiveCfg = Release|Any CPU
		{D66B573E-D6C8-4E53-BE5F-014AFC647974}.Release|Any CPU.Build.0 = Release|Any CPU
		{A54DB1CC-BFCA-4F85-8BB1-ECD980CE699C}.Debug|Any CPU.ActiveCfg = Debug|Any CPU
		{A54DB1CC-BFCA-4F85-8BB1-ECD980CE699C}.Debug|Any CPU.Build.0 = Debug|Any CPU
		{A54DB1CC-BFCA-4F85-8BB1-ECD980CE699C}.Release|Any CPU.ActiveCfg = Release|Any CPU
		{A54DB1CC-BFCA-4F85-8BB1-ECD980CE699C}.Release|Any CPU.Build.0 = Release|Any CPU
		{74745AB4-76A6-4AD7-9235-B7D3C02C4C56}.Debug|Any CPU.ActiveCfg = Debug|Any CPU
		{74745AB4-76A6-4AD7-9235-B7D3C02C4C56}.Debug|Any CPU.Build.0 = Debug|Any CPU
		{74745AB4-76A6-4AD7-9235-B7D3C02C4C56}.Release|Any CPU.ActiveCfg = Release|Any CPU
		{74745AB4-76A6-4AD7-9235-B7D3C02C4C56}.Release|Any CPU.Build.0 = Release|Any CPU
	EndGlobalSection
	GlobalSection(SolutionProperties) = preSolution
		HideSolutionNode = FALSE
	EndGlobalSection
EndGlobal
